// !$*UTF8*$!
{
	archiveVersion = 1;
	classes = {
	};
	objectVersion = 50;
	objects = {

/* Begin PBXBuildFile section */
		677CCAF9260E176000A89528 /* UI_149App.swift in Sources */ = {isa = PBXBuildFile; fileRef = 677CCAF8260E176000A89528 /* UI_149App.swift */; };
		677CCAFB260E176000A89528 /* ContentView.swift in Sources */ = {isa = PBXBuildFile; fileRef = 677CCAFA260E176000A89528 /* ContentView.swift */; };
		677CCAFD260E176100A89528 /* Assets.xcassets in Resources */ = {isa = PBXBuildFile; fileRef = 677CCAFC260E176100A89528 /* Assets.xcassets */; };
		677CCB00260E176100A89528 /* Preview Assets.xcassets in Resources */ = {isa = PBXBuildFile; fileRef = 677CCAFF260E176100A89528 /* Preview Assets.xcassets */; };
		677CCB0B260E176100A89528 /* UI_149Tests.swift in Sources */ = {isa = PBXBuildFile; fileRef = 677CCB0A260E176100A89528 /* UI_149Tests.swift */; };
		677CCB16260E176100A89528 /* UI_149UITests.swift in Sources */ = {isa = PBXBuildFile; fileRef = 677CCB15260E176100A89528 /* UI_149UITests.swift */; };
		678034EF260F1B35006A4E9E /* AnalogClock.swift in Sources */ = {isa = PBXBuildFile; fileRef = 678034EE260F1B35006A4E9E /* AnalogClock.swift */; };
/* End PBXBuildFile section */

/* Begin PBXContainerItemProxy section */
		677CCB07260E176100A89528 /* PBXContainerItemProxy */ = {
			isa = PBXContainerItemProxy;
			containerPortal = 677CCAED260E176000A89528 /* Project object */;
			proxyType = 1;
			remoteGlobalIDString = 677CCAF4260E176000A89528;
			remoteInfo = "UI-149";
		};
		677CCB12260E176100A89528 /* PBXContainerItemProxy */ = {
			isa = PBXContainerItemProxy;
			containerPortal = 677CCAED260E176000A89528 /* Project object */;
			proxyType = 1;
			remoteGlobalIDString = 677CCAF4260E176000A89528;
			remoteInfo = "UI-149";
		};
/* End PBXContainerItemProxy section */

/* Begin PBXFileReference section */
		677CCAF5260E176000A89528 /* UI-149.app */ = {isa = PBXFileReference; explicitFileType = wrapper.application; includeInIndex = 0; path = "UI-149.app"; sourceTree = BUILT_PRODUCTS_DIR; };
		677CCAF8260E176000A89528 /* UI_149App.swift */ = {isa = PBXFileReference; lastKnownFileType = sourcecode.swift; path = UI_149App.swift; sourceTree = "<group>"; };
		677CCAFA260E176000A89528 /* ContentView.swift */ = {isa = PBXFileReference; lastKnownFileType = sourcecode.swift; path = ContentView.swift; sourceTree = "<group>"; };
		677CCAFC260E176100A89528 /* Assets.xcassets */ = {isa = PBXFileReference; lastKnownFileType = folder.assetcatalog; path = Assets.xcassets; sourceTree = "<group>"; };
		677CCAFF260E176100A89528 /* Preview Assets.xcassets */ = {isa = PBXFileReference; lastKnownFileType = folder.assetcatalog; path = "Preview Assets.xcassets"; sourceTree = "<group>"; };
		677CCB01260E176100A89528 /* Info.plist */ = {isa = PBXFileReference; lastKnownFileType = text.plist.xml; path = Info.plist; sourceTree = "<group>"; };
		677CCB06260E176100A89528 /* UI-149Tests.xctest */ = {isa = PBXFileReference; explicitFileType = wrapper.cfbundle; includeInIndex = 0; path = "UI-149Tests.xctest"; sourceTree = BUILT_PRODUCTS_DIR; };
		677CCB0A260E176100A89528 /* UI_149Tests.swift */ = {isa = PBXFileReference; lastKnownFileType = sourcecode.swift; path = UI_149Tests.swift; sourceTree = "<group>"; };
		677CCB0C260E176100A89528 /* Info.plist */ = {isa = PBXFileReference; lastKnownFileType = text.plist.xml; path = Info.plist; sourceTree = "<group>"; };
		677CCB11260E176100A89528 /* UI-149UITests.xctest */ = {isa = PBXFileReference; explicitFileType = wrapper.cfbundle; includeInIndex = 0; path = "UI-149UITests.xctest"; sourceTree = BUILT_PRODUCTS_DIR; };
		677CCB15260E176100A89528 /* UI_149UITests.swift */ = {isa = PBXFileReference; lastKnownFileType = sourcecode.swift; path = UI_149UITests.swift; sourceTree = "<group>"; };
		677CCB17260E176100A89528 /* Info.plist */ = {isa = PBXFileReference; lastKnownFileType = text.plist.xml; path = Info.plist; sourceTree = "<group>"; };
		678034EE260F1B35006A4E9E /* AnalogClock.swift */ = {isa = PBXFileReference; lastKnownFileType = sourcecode.swift; path = AnalogClock.swift; sourceTree = "<group>"; };
/* End PBXFileReference section */

/* Begin PBXFrameworksBuildPhase section */
		677CCAF2260E176000A89528 /* Frameworks */ = {
			isa = PBXFrameworksBuildPhase;
			buildActionMask = 2147483647;
			files = (
			);
			runOnlyForDeploymentPostprocessing = 0;
		};
		677CCB03260E176100A89528 /* Frameworks */ = {
			isa = PBXFrameworksBuildPhase;
			buildActionMask = 2147483647;
			files = (
			);
			runOnlyForDeploymentPostprocessing = 0;
		};
		677CCB0E260E176100A89528 /* Frameworks */ = {
			isa = PBXFrameworksBuildPhase;
			buildActionMask = 2147483647;
			files = (
			);
			runOnlyForDeploymentPostprocessing = 0;
		};
/* End PBXFrameworksBuildPhase section */

/* Begin PBXGroup section */
		677CCAEC260E176000A89528 = {
			isa = PBXGroup;
			children = (
				677CCAF7260E176000A89528 /* UI-149 */,
				677CCB09260E176100A89528 /* UI-149Tests */,
				677CCB14260E176100A89528 /* UI-149UITests */,
				677CCAF6260E176000A89528 /* Products */,
			);
			sourceTree = "<group>";
		};
		677CCAF6260E176000A89528 /* Products */ = {
			isa = PBXGroup;
			children = (
				677CCAF5260E176000A89528 /* UI-149.app */,
				677CCB06260E176100A89528 /* UI-149Tests.xctest */,
				677CCB11260E176100A89528 /* UI-149UITests.xctest */,
			);
			name = Products;
			sourceTree = "<group>";
		};
		677CCAF7260E176000A89528 /* UI-149 */ = {
			isa = PBXGroup;
			children = (
				677CCAF8260E176000A89528 /* UI_149App.swift */,
				677CCAFA260E176000A89528 /* ContentView.swift */,
				677CCAFC260E176100A89528 /* Assets.xcassets */,
				677CCB01260E176100A89528 /* Info.plist */,
				677CCAFE260E176100A89528 /* Preview Content */,
				678034EE260F1B35006A4E9E /* AnalogClock.swift */,
			);
			path = "UI-149";
			sourceTree = "<group>";
		};
		677CCAFE260E176100A89528 /* Preview Content */ = {
			isa = PBXGroup;
			children = (
				677CCAFF260E176100A89528 /* Preview Assets.xcassets */,
			);
			path = "Preview Content";
			sourceTree = "<group>";
		};
		677CCB09260E176100A89528 /* UI-149Tests */ = {
			isa = PBXGroup;
			children = (
				677CCB0A260E176100A89528 /* UI_149Tests.swift */,
				677CCB0C260E176100A89528 /* Info.plist */,
			);
			path = "UI-149Tests";
			sourceTree = "<group>";
		};
		677CCB14260E176100A89528 /* UI-149UITests */ = {
			isa = PBXGroup;
			children = (
				677CCB15260E176100A89528 /* UI_149UITests.swift */,
				677CCB17260E176100A89528 /* Info.plist */,
			);
			path = "UI-149UITests";
			sourceTree = "<group>";
		};
/* End PBXGroup section */

/* Begin PBXNativeTarget section */
		677CCAF4260E176000A89528 /* UI-149 */ = {
			isa = PBXNativeTarget;
			buildConfigurationList = 677CCB1A260E176100A89528 /* Build configuration list for PBXNativeTarget "UI-149" */;
			buildPhases = (
				677CCAF1260E176000A89528 /* Sources */,
				677CCAF2260E176000A89528 /* Frameworks */,
				677CCAF3260E176000A89528 /* Resources */,
			);
			buildRules = (
			);
			dependencies = (
			);
			name = "UI-149";
			productName = "UI-149";
			productReference = 677CCAF5260E176000A89528 /* UI-149.app */;
			productType = "com.apple.product-type.application";
		};
		677CCB05260E176100A89528 /* UI-149Tests */ = {
			isa = PBXNativeTarget;
			buildConfigurationList = 677CCB1D260E176100A89528 /* Build configuration list for PBXNativeTarget "UI-149Tests" */;
			buildPhases = (
				677CCB02260E176100A89528 /* Sources */,
				677CCB03260E176100A89528 /* Frameworks */,
				677CCB04260E176100A89528 /* Resources */,
			);
			buildRules = (
			);
			dependencies = (
				677CCB08260E176100A89528 /* PBXTargetDependency */,
			);
			name = "UI-149Tests";
			productName = "UI-149Tests";
			productReference = 677CCB06260E176100A89528 /* UI-149Tests.xctest */;
			productType = "com.apple.product-type.bundle.unit-test";
		};
		677CCB10260E176100A89528 /* UI-149UITests */ = {
			isa = PBXNativeTarget;
			buildConfigurationList = 677CCB20260E176100A89528 /* Build configuration list for PBXNativeTarget "UI-149UITests" */;
			buildPhases = (
				677CCB0D260E176100A89528 /* Sources */,
				677CCB0E260E176100A89528 /* Frameworks */,
				677CCB0F260E176100A89528 /* Resources */,
			);
			buildRules = (
			);
			dependencies = (
				677CCB13260E176100A89528 /* PBXTargetDependency */,
			);
			name = "UI-149UITests";
			productName = "UI-149UITests";
			productReference = 677CCB11260E176100A89528 /* UI-149UITests.xctest */;
			productType = "com.apple.product-type.bundle.ui-testing";
		};
/* End PBXNativeTarget section */

/* Begin PBXProject section */
		677CCAED260E176000A89528 /* Project object */ = {
			isa = PBXProject;
			attributes = {
				LastSwiftUpdateCheck = 1240;
				LastUpgradeCheck = 1240;
				TargetAttributes = {
					677CCAF4260E176000A89528 = {
						CreatedOnToolsVersion = 12.4;
					};
					677CCB05260E176100A89528 = {
						CreatedOnToolsVersion = 12.4;
						TestTargetID = 677CCAF4260E176000A89528;
					};
					677CCB10260E176100A89528 = {
						CreatedOnToolsVersion = 12.4;
						TestTargetID = 677CCAF4260E176000A89528;
					};
				};
			};
			buildConfigurationList = 677CCAF0260E176000A89528 /* Build configuration list for PBXProject "UI-149" */;
			compatibilityVersion = "Xcode 9.3";
			developmentRegion = en;
			hasScannedForEncodings = 0;
			knownRegions = (
				en,
				Base,
			);
			mainGroup = 677CCAEC260E176000A89528;
			productRefGroup = 677CCAF6260E176000A89528 /* Products */;
			projectDirPath = "";
			projectRoot = "";
			targets = (
				677CCAF4260E176000A89528 /* UI-149 */,
				677CCB05260E176100A89528 /* UI-149Tests */,
				677CCB10260E176100A89528 /* UI-149UITests */,
			);
		};
/* End PBXProject section */

/* Begin PBXResourcesBuildPhase section */
		677CCAF3260E176000A89528 /* Resources */ = {
			isa = PBXResourcesBuildPhase;
			buildActionMask = 2147483647;
			files = (
				677CCB00260E176100A89528 /* Preview Assets.xcassets in Resources */,
				677CCAFD260E176100A89528 /* Assets.xcassets in Resources */,
			);
			runOnlyForDeploymentPostprocessing = 0;
		};
		677CCB04260E176100A89528 /* Resources */ = {
			isa = PBXResourcesBuildPhase;
			buildActionMask = 2147483647;
			files = (
			);
			runOnlyForDeploymentPostprocessing = 0;
		};
		677CCB0F260E176100A89528 /* Resources */ = {
			isa = PBXResourcesBuildPhase;
			buildActionMask = 2147483647;
			files = (
			);
			runOnlyForDeploymentPostprocessing = 0;
		};
/* End PBXResourcesBuildPhase section */

/* Begin PBXSourcesBuildPhase section */
		677CCAF1260E176000A89528 /* Sources */ = {
			isa = PBXSourcesBuildPhase;
			buildActionMask = 2147483647;
			files = (
				678034EF260F1B35006A4E9E /* AnalogClock.swift in Sources */,
				677CCAFB260E176000A89528 /* ContentView.swift in Sources */,
				677CCAF9260E176000A89528 /* UI_149App.swift in Sources */,
			);
			runOnlyForDeploymentPostprocessing = 0;
		};
		677CCB02260E176100A89528 /* Sources */ = {
			isa = PBXSourcesBuildPhase;
			buildActionMask = 2147483647;
			files = (
				677CCB0B260E176100A89528 /* UI_149Tests.swift in Sources */,
			);
			runOnlyForDeploymentPostprocessing = 0;
		};
		677CCB0D260E176100A89528 /* Sources */ = {
			isa = PBXSourcesBuildPhase;
			buildActionMask = 2147483647;
			files = (
				677CCB16260E176100A89528 /* UI_149UITests.swift in Sources */,
			);
			runOnlyForDeploymentPostprocessing = 0;
		};
/* End PBXSourcesBuildPhase section */

/* Begin PBXTargetDependency section */
		677CCB08260E176100A89528 /* PBXTargetDependency */ = {
			isa = PBXTargetDependency;
			target = 677CCAF4260E176000A89528 /* UI-149 */;
			targetProxy = 677CCB07260E176100A89528 /* PBXContainerItemProxy */;
		};
		677CCB13260E176100A89528 /* PBXTargetDependency */ = {
			isa = PBXTargetDependency;
			target = 677CCAF4260E176000A89528 /* UI-149 */;
			targetProxy = 677CCB12260E176100A89528 /* PBXContainerItemProxy */;
		};
/* End PBXTargetDependency section */

/* Begin XCBuildConfiguration section */
		677CCB18260E176100A89528 /* Debug */ = {
			isa = XCBuildConfiguration;
			buildSettings = {
				ALWAYS_SEARCH_USER_PATHS = NO;
				CLANG_ANALYZER_NONNULL = YES;
				CLANG_ANALYZER_NUMBER_OBJECT_CONVERSION = YES_AGGRESSIVE;
				CLANG_CXX_LANGUAGE_STANDARD = "gnu++14";
				CLANG_CXX_LIBRARY = "libc++";
				CLANG_ENABLE_MODULES = YES;
				CLANG_ENABLE_OBJC_ARC = YES;
				CLANG_ENABLE_OBJC_WEAK = YES;
				CLANG_WARN_BLOCK_CAPTURE_AUTORELEASING = YES;
				CLANG_WARN_BOOL_CONVERSION = YES;
				CLANG_WARN_COMMA = YES;
				CLANG_WARN_CONSTANT_CONVERSION = YES;
				CLANG_WARN_DEPRECATED_OBJC_IMPLEMENTATIONS = YES;
				CLANG_WARN_DIRECT_OBJC_ISA_USAGE = YES_ERROR;
				CLANG_WARN_DOCUMENTATION_COMMENTS = YES;
				CLANG_WARN_EMPTY_BODY = YES;
				CLANG_WARN_ENUM_CONVERSION = YES;
				CLANG_WARN_INFINITE_RECURSION = YES;
				CLANG_WARN_INT_CONVERSION = YES;
				CLANG_WARN_NON_LITERAL_NULL_CONVERSION = YES;
				CLANG_WARN_OBJC_IMPLICIT_RETAIN_SELF = YES;
				CLANG_WARN_OBJC_LITERAL_CONVERSION = YES;
				CLANG_WARN_OBJC_ROOT_CLASS = YES_ERROR;
				CLANG_WARN_QUOTED_INCLUDE_IN_FRAMEWORK_HEADER = YES;
				CLANG_WARN_RANGE_LOOP_ANALYSIS = YES;
				CLANG_WARN_STRICT_PROTOTYPES = YES;
				CLANG_WARN_SUSPICIOUS_MOVE = YES;
				CLANG_WARN_UNGUARDED_AVAILABILITY = YES_AGGRESSIVE;
				CLANG_WARN_UNREACHABLE_CODE = YES;
				CLANG_WARN__DUPLICATE_METHOD_MATCH = YES;
				COPY_PHASE_STRIP = NO;
				DEBUG_INFORMATION_FORMAT = dwarf;
				ENABLE_STRICT_OBJC_MSGSEND = YES;
				ENABLE_TESTABILITY = YES;
				GCC_C_LANGUAGE_STANDARD = gnu11;
				GCC_DYNAMIC_NO_PIC = NO;
				GCC_NO_COMMON_BLOCKS = YES;
				GCC_OPTIMIZATION_LEVEL = 0;
				GCC_PREPROCESSOR_DEFINITIONS = (
					"DEBUG=1",
					"$(inherited)",
				);
				GCC_WARN_64_TO_32_BIT_CONVERSION = YES;
				GCC_WARN_ABOUT_RETURN_TYPE = YES_ERROR;
				GCC_WARN_UNDECLARED_SELECTOR = YES;
				GCC_WARN_UNINITIALIZED_AUTOS = YES_AGGRESSIVE;
				GCC_WARN_UNUSED_FUNCTION = YES;
				GCC_WARN_UNUSED_VARIABLE = YES;
				IPHONEOS_DEPLOYMENT_TARGET = 14.4;
				MTL_ENABLE_DEBUG_INFO = INCLUDE_SOURCE;
				MTL_FAST_MATH = YES;
				ONLY_ACTIVE_ARCH = YES;
				SDKROOT = iphoneos;
				SWIFT_ACTIVE_COMPILATION_CONDITIONS = DEBUG;
				SWIFT_OPTIMIZATION_LEVEL = "-Onone";
			};
			name = Debug;
		};
		677CCB19260E176100A89528 /* Release */ = {
			isa = XCBuildConfiguration;
			buildSettings = {
				ALWAYS_SEARCH_USER_PATHS = NO;
				CLANG_ANALYZER_NONNULL = YES;
				CLANG_ANALYZER_NUMBER_OBJECT_CONVERSION = YES_AGGRESSIVE;
				CLANG_CXX_LANGUAGE_STANDARD = "gnu++14";
				CLANG_CXX_LIBRARY = "libc++";
				CLANG_ENABLE_MODULES = YES;
				CLANG_ENABLE_OBJC_ARC = YES;
				CLANG_ENABLE_OBJC_WEAK = YES;
				CLANG_WARN_BLOCK_CAPTURE_AUTORELEASING = YES;
				CLANG_WARN_BOOL_CONVERSION = YES;
				CLANG_WARN_COMMA = YES;
				CLANG_WARN_CONSTANT_CONVERSION = YES;
				CLANG_WARN_DEPRECATED_OBJC_IMPLEMENTATIONS = YES;
				CLANG_WARN_DIRECT_OBJC_ISA_USAGE = YES_ERROR;
				CLANG_WARN_DOCUMENTATION_COMMENTS = YES;
				CLANG_WARN_EMPTY_BODY = YES;
				CLANG_WARN_ENUM_CONVERSION = YES;
				CLANG_WARN_INFINITE_RECURSION = YES;
				CLANG_WARN_INT_CONVERSION = YES;
				CLANG_WARN_NON_LITERAL_NULL_CONVERSION = YES;
				CLANG_WARN_OBJC_IMPLICIT_RETAIN_SELF = YES;
				CLANG_WARN_OBJC_LITERAL_CONVERSION = YES;
				CLANG_WARN_OBJC_ROOT_CLASS = YES_ERROR;
				CLANG_WARN_QUOTED_INCLUDE_IN_FRAMEWORK_HEADER = YES;
				CLANG_WARN_RANGE_LOOP_ANALYSIS = YES;
				CLANG_WARN_STRICT_PROTOTYPES = YES;
				CLANG_WARN_SUSPICIOUS_MOVE = YES;
				CLANG_WARN_UNGUARDED_AVAILABILITY = YES_AGGRESSIVE;
				CLANG_WARN_UNREACHABLE_CODE = YES;
				CLANG_WARN__DUPLICATE_METHOD_MATCH = YES;
				COPY_PHASE_STRIP = NO;
				DEBUG_INFORMATION_FORMAT = "dwarf-with-dsym";
				ENABLE_NS_ASSERTIONS = NO;
				ENABLE_STRICT_OBJC_MSGSEND = YES;
				GCC_C_LANGUAGE_STANDARD = gnu11;
				GCC_NO_COMMON_BLOCKS = YES;
				GCC_WARN_64_TO_32_BIT_CONVERSION = YES;
				GCC_WARN_ABOUT_RETURN_TYPE = YES_ERROR;
				GCC_WARN_UNDECLARED_SELECTOR = YES;
				GCC_WARN_UNINITIALIZED_AUTOS = YES_AGGRESSIVE;
				GCC_WARN_UNUSED_FUNCTION = YES;
				GCC_WARN_UNUSED_VARIABLE = YES;
				IPHONEOS_DEPLOYMENT_TARGET = 14.4;
				MTL_ENABLE_DEBUG_INFO = NO;
				MTL_FAST_MATH = YES;
				SDKROOT = iphoneos;
				SWIFT_COMPILATION_MODE = wholemodule;
				SWIFT_OPTIMIZATION_LEVEL = "-O";
				VALIDATE_PRODUCT = YES;
			};
			name = Release;
		};
		677CCB1B260E176100A89528 /* Debug */ = {
			isa = XCBuildConfiguration;
			buildSettings = {
				ASSETCATALOG_COMPILER_APPICON_NAME = AppIcon;
				ASSETCATALOG_COMPILER_GLOBAL_ACCENT_COLOR_NAME = AccentColor;
				CODE_SIGN_STYLE = Automatic;
				DEVELOPMENT_ASSET_PATHS = "\"UI-149/Preview Content\"";
				ENABLE_PREVIEWS = YES;
				INFOPLIST_FILE = "UI-149/Info.plist";
				IPHONEOS_DEPLOYMENT_TARGET = 14.0;
				LD_RUNPATH_SEARCH_PATHS = (
					"$(inherited)",
					"@executable_path/Frameworks",
				);
				PRODUCT_BUNDLE_IDENTIFIER = "com.uzu.UI-149";
				PRODUCT_NAME = "$(TARGET_NAME)";
				SWIFT_VERSION = 5.0;
				TARGETED_DEVICE_FAMILY = "1,2";
			};
			name = Debug;
		};
		677CCB1C260E176100A89528 /* Release */ = {
			isa = XCBuildConfiguration;
			buildSettings = {
				ASSETCATALOG_COMPILER_APPICON_NAME = AppIcon;
				ASSETCATALOG_COMPILER_GLOBAL_ACCENT_COLOR_NAME = AccentColor;
				CODE_SIGN_STYLE = Automatic;
				DEVELOPMENT_ASSET_PATHS = "\"UI-149/Preview Content\"";
				ENABLE_PREVIEWS = YES;
				INFOPLIST_FILE = "UI-149/Info.plist";
				IPHONEOS_DEPLOYMENT_TARGET = 14.0;
				LD_RUNPATH_SEARCH_PATHS = (
					"$(inherited)",
					"@executable_path/Frameworks",
				);
				PRODUCT_BUNDLE_IDENTIFIER = "com.uzu.UI-149";
				PRODUCT_NAME = "$(TARGET_NAME)";
				SWIFT_VERSION = 5.0;
				TARGETED_DEVICE_FAMILY = "1,2";
			};
			name = Release;
		};
		677CCB1E260E176100A89528 /* Debug */ = {
			isa = XCBuildConfiguration;
			buildSettings = {
				ALWAYS_EMBED_SWIFT_STANDARD_LIBRARIES = YES;
				BUNDLE_LOADER = "$(TEST_HOST)";
				CODE_SIGN_STYLE = Automatic;
				INFOPLIST_FILE = "UI-149Tests/Info.plist";
				IPHONEOS_DEPLOYMENT_TARGET = 14.0;
				LD_RUNPATH_SEARCH_PATHS = (
					"$(inherited)",
					"@executable_path/Frameworks",
					"@loader_path/Frameworks",
				);
				PRODUCT_BUNDLE_IDENTIFIER = "com.uzu.UI-149Tests";
				PRODUCT_NAME = "$(TARGET_NAME)";
				SWIFT_VERSION = 5.0;
				TARGETED_DEVICE_FAMILY = "1,2";
				TEST_HOST = "$(BUILT_PRODUCTS_DIR)/UI-149.app/UI-149";
			};
			name = Debug;
		};
		677CCB1F260E176100A89528 /* Release */ = {
			isa = XCBuildConfiguration;
			buildSettings = {
				ALWAYS_EMBED_SWIFT_STANDARD_LIBRARIES = YES;
				BUNDLE_LOADER = "$(TEST_HOST)";
				CODE_SIGN_STYLE = Automatic;
				INFOPLIST_FILE = "UI-149Tests/Info.plist";
				IPHONEOS_DEPLOYMENT_TARGET = 14.0;
				LD_RUNPATH_SEARCH_PATHS = (
					"$(inherited)",
					"@executable_path/Frameworks",
					"@loader_path/Frameworks",
				);
				PRODUCT_BUNDLE_IDENTIFIER = "com.uzu.UI-149Tests";
				PRODUCT_NAME = "$(TARGET_NAME)";
				SWIFT_VERSION = 5.0;
				TARGETED_DEVICE_FAMILY = "1,2";
				TEST_HOST = "$(BUILT_PRODUCTS_DIR)/UI-149.app/UI-149";
			};
			name = Release;
		};
		677CCB21260E176100A89528 /* Debug */ = {
			isa = XCBuildConfiguration;
			buildSettings = {
				ALWAYS_EMBED_SWIFT_STANDARD_LIBRARIES = YES;
				CODE_SIGN_STYLE = Automatic;
				INFOPLIST_FILE = "UI-149UITests/Info.plist";
				LD_RUNPATH_SEARCH_PATHS = (
					"$(inherited)",
					"@executable_path/Frameworks",
					"@loader_path/Frameworks",
				);
				PRODUCT_BUNDLE_IDENTIFIER = "com.uzu.UI-149UITests";
				PRODUCT_NAME = "$(TARGET_NAME)";
				SWIFT_VERSION = 5.0;
				TARGETED_DEVICE_FAMILY = "1,2";
				TEST_TARGET_NAME = "UI-149";
			};
			name = Debug;
		};
		677CCB22260E176100A89528 /* Release */ = {
			isa = XCBuildConfiguration;
			buildSettings = {
				ALWAYS_EMBED_SWIFT_STANDARD_LIBRARIES = YES;
				CODE_SIGN_STYLE = Automatic;
				INFOPLIST_FILE = "UI-149UITests/Info.plist";
				LD_RUNPATH_SEARCH_PATHS = (
					"$(inherited)",
					"@executable_path/Frameworks",
					"@loader_path/Frameworks",
				);
				PRODUCT_BUNDLE_IDENTIFIER = "com.uzu.UI-149UITests";
				PRODUCT_NAME = "$(TARGET_NAME)";
				SWIFT_VERSION = 5.0;
				TARGETED_DEVICE_FAMILY = "1,2";
				TEST_TARGET_NAME = "UI-149";
			};
			name = Release;
		};
/* End XCBuildConfiguration section */

/* Begin XCConfigurationList section */
		677CCAF0260E176000A89528 /* Build configuration list for PBXProject "UI-149" */ = {
			isa = XCConfigurationList;
			buildConfigurations = (
				677CCB18260E176100A89528 /* Debug */,
				677CCB19260E176100A89528 /* Release */,
			);
			defaultConfigurationIsVisible = 0;
			defaultConfigurationName = Release;
		};
		677CCB1A260E176100A89528 /* Build configuration list for PBXNativeTarget "UI-149" */ = {
			isa = XCConfigurationList;
			buildConfigurations = (
				677CCB1B260E176100A89528 /* Debug */,
				677CCB1C260E176100A89528 /* Release */,
			);
			defaultConfigurationIsVisible = 0;
			defaultConfigurationName = Release;
		};
		677CCB1D260E176100A89528 /* Build configuration list for PBXNativeTarget "UI-149Tests" */ = {
			isa = XCConfigurationList;
			buildConfigurations = (
				677CCB1E260E176100A89528 /* Debug */,
				677CCB1F260E176100A89528 /* Release */,
			);
			defaultConfigurationIsVisible = 0;
			defaultConfigurationName = Release;
		};
		677CCB20260E176100A89528 /* Build configuration list for PBXNativeTarget "UI-149UITests" */ = {
			isa = XCConfigurationList;
			buildConfigurations = (
				677CCB21260E176100A89528 /* Debug */,
				677CCB22260E176100A89528 /* Release */,
			);
			defaultConfigurationIsVisible = 0;
			defaultConfigurationName = Release;
		};
/* End XCConfigurationList section */
	};
	rootObject = 677CCAED260E176000A89528 /* Project object */;
}
